# Generated by pip-compile from pyproject.toml
# Regenerate with: pip install pip-tools && pip-compile pyproject.toml --output-file requirements.lock --no-header --no-emit-index-url --resolver=backtracking --strip-extras
# Pin only main dependencies. For dev deps: pip install -e .[dev]
aiohappyeyeballs==2.6.1
    # via aiohttp
aiohttp==3.13.3
    # via navig (pyproject.toml)
aiosignal==1.4.0
    # via aiohttp
annotated-doc==0.0.4
    # via typer
annotated-types==0.7.0
    # via pydantic
anyio==4.12.1
    # via httpx
attrs==26.1.0
    # via aiohttp
bcrypt==5.0.0
    # via paramiko
certifi==2026.2.25
    # via
    #   httpcore
    #   httpx
    #   requests
cffi==2.0.0
    # via
    #   cryptography
    #   pynacl
charset-normalizer==3.4.6
    # via requests
click==8.3.1
    # via typer
colorama==0.4.6
    # via
    #   click
    #   loguru
    #   navig (pyproject.toml)
cryptography==46.0.5
    # via
    #   navig (pyproject.toml)
    #   paramiko
frozenlist==1.8.0
    # via
    #   aiohttp
    #   aiosignal
h11==0.16.0
    # via httpcore
httpcore==1.0.9
    # via httpx
httpx==0.28.1
    # via navig (pyproject.toml)
idna==3.11
    # via
    #   anyio
    #   httpx
    #   requests
    #   yarl
invoke==2.2.1
    # via paramiko
jinja2==3.1.6
    # via navig (pyproject.toml)
loguru==0.7.3
    # via navig (pyproject.toml)
markdown-it-py==4.0.0
    # via rich
markupsafe==3.0.3
    # via jinja2
mdurl==0.1.2
    # via markdown-it-py
multidict==6.7.1
    # via
    #   aiohttp
    #   yarl
paramiko==4.0.0
    # via navig (pyproject.toml)
platformdirs==4.9.4
    # via navig (pyproject.toml)
propcache==0.4.1
    # via
    #   aiohttp
    #   yarl
psutil==7.2.2
    # via navig (pyproject.toml)
pycparser==3.0
    # via cffi
pydantic==2.12.5
    # via navig (pyproject.toml)
pydantic-core==2.41.5
    # via pydantic
pygments==2.19.2
    # via rich
pynacl==1.6.2
    # via paramiko
pyperclip==1.11.0
    # via navig (pyproject.toml)
pyyaml==6.0.3
    # via navig (pyproject.toml)
requests==2.32.5
    # via navig (pyproject.toml)
rich==14.3.3
    # via
    #   navig (pyproject.toml)
    #   typer
shellingham==1.5.4
    # via typer
speedtest-cli==2.1.3
    # via navig (pyproject.toml)
typer==0.24.1
    # via navig (pyproject.toml)
typing-extensions==4.15.0
    # via
    #   pydantic
    #   pydantic-core
    #   typing-inspection
typing-inspection==0.4.2
    # via pydantic
urllib3==2.6.3
    # via requests
websockets==16.0
    # via navig (pyproject.toml)
win32-setctime==1.2.0
    # via loguru
yarl==1.23.0
    # via aiohttp
